
Microsoft Visual Studio Solution File, Format Version 12.00
# Visual Studio Version 17
VisualStudioVersion = 17.3.32922.545
MinimumVisualStudioVersion = 10.0.40219.1
Project("{FAE04EC0-301F-11D3-BF4B-00C04F79EFBC}") = "CashRegister_DAL", "CashRegister_DAL\CashRegister_DAL.csproj", "{DC7AC723-045E-477D-A6F8-419C25C65EE9}"
EndProject
Project("{2150E333-8FDC-42A3-9474-1A3956D46DE8}") = "Frontend", "Frontend", "{DC11E59D-392F-4361-A755-3724441E9552}"
EndProject
Project("{2150E333-8FDC-42A3-9474-1A3956D46DE8}") = "Backend", "Backend", "{2BE4F1F9-D162-4F4D-AC87-5F11EE19334F}"
EndProject
Project("{FAE04EC0-301F-11D3-BF4B-00C04F79EFBC}") = "CashRegister_Models", "CashRegister_Models\CashRegister_Models.csproj", "{067A32DF-57A4-4A4E-9D81-37BDFE7AEC89}"
EndProject
Project("{FAE04EC0-301F-11D3-BF4B-00C04F79EFBC}") = "CashRegister_Views", "CashRegister_Views\CashRegister_Views.csproj", "{892AC872-9DE2-476E-8C4F-7DCA708434B4}"
EndProject
Global
	GlobalSection(SolutionConfigurationPlatforms) = preSolution
		Debug|Any CPU = Debug|Any CPU
		Release|Any CPU = Release|Any CPU
	EndGlobalSection
	GlobalSection(ProjectConfigurationPlatforms) = postSolution
		{DC7AC723-045E-477D-A6F8-419C25C65EE9}.Debug|Any CPU.ActiveCfg = Debug|Any CPU
		{DC7AC723-045E-477D-A6F8-419C25C65EE9}.Debug|Any CPU.Build.0 = Debug|Any CPU
		{DC7AC723-045E-477D-A6F8-419C25C65EE9}.Release|Any CPU.ActiveCfg = Release|Any CPU
		{DC7AC723-045E-477D-A6F8-419C25C65EE9}.Release|Any CPU.Build.0 = Release|Any CPU
		{067A32DF-57A4-4A4E-9D81-37BDFE7AEC89}.Debug|Any CPU.ActiveCfg = Debug|Any CPU
		{067A32DF-57A4-4A4E-9D81-37BDFE7AEC89}.Debug|Any CPU.Build.0 = Debug|Any CPU
		{067A32DF-57A4-4A4E-9D81-37BDFE7AEC89}.Release|Any CPU.ActiveCfg = Release|Any CPU
		{067A32DF-57A4-4A4E-9D81-37BDFE7AEC89}.Release|Any CPU.Build.0 = Release|Any CPU
		{892AC872-9DE2-476E-8C4F-7DCA708434B4}.Debug|Any CPU.ActiveCfg = Debug|Any CPU
		{892AC872-9DE2-476E-8C4F-7DCA708434B4}.Debug|Any CPU.Build.0 = Debug|Any CPU
		{892AC872-9DE2-476E-8C4F-7DCA708434B4}.Release|Any CPU.ActiveCfg = Release|Any CPU
		{892AC872-9DE2-476E-8C4F-7DCA708434B4}.Release|Any CPU.Build.0 = Release|Any CPU
	EndGlobalSection
	GlobalSection(SolutionProperties) = preSolution
		HideSolutionNode = FALSE
	EndGlobalSection
	GlobalSection(NestedProjects) = preSolution
		{DC7AC723-045E-477D-A6F8-419C25C65EE9} = {2BE4F1F9-D162-4F4D-AC87-5F11EE19334F}
		{067A32DF-57A4-4A4E-9D81-37BDFE7AEC89} = {2BE4F1F9-D162-4F4D-AC87-5F11EE19334F}
		{892AC872-9DE2-476E-8C4F-7DCA708434B4} = {DC11E59D-392F-4361-A755-3724441E9552}
	EndGlobalSection
	GlobalSection(ExtensibilityGlobals) = postSolution
		SolutionGuid = {FEBE2256-96B0-4D85-892E-59D4D07CCD7A}
	EndGlobalSection
EndGlobal
